// !$*UTF8*$!
{
	archiveVersion = 1;
	classes = {
	};
	objectVersion = 46;
	objects = {

/* Begin PBXBuildFile section */
		2721B018160BA6080056A803 /* Default-568h@2x.png in Resources */ = {isa = PBXBuildFile; fileRef = 2721B015160BA6080056A803 /* Default-568h@2x.png */; };
		2721B019160BA6080056A803 /* Default.png in Resources */ = {isa = PBXBuildFile; fileRef = 2721B016160BA6080056A803 /* Default.png */; };
		2721B01A160BA6080056A803 /* Default@2x.png in Resources */ = {isa = PBXBuildFile; fileRef = 2721B017160BA6080056A803 /* Default@2x.png */; };
		272EF17815E2B31E008E3F68 /* globe.png in Resources */ = {isa = PBXBuildFile; fileRef = 272EF17715E2B31E008E3F68 /* globe.png */; };
		272EF17B15E2B39D008E3F68 /* globe_green.png in Resources */ = {isa = PBXBuildFile; fileRef = 272EF17A15E2B39D008E3F68 /* globe_green.png */; };
		272EF17D15E2B808008E3F68 /* CoreLocation.framework in Frameworks */ = {isa = PBXBuildFile; fileRef = 272EF17C15E2B808008E3F68 /* CoreLocation.framework */; };
		272EF18B15E2C1CF008E3F68 /* MapKit.framework in Frameworks */ = {isa = PBXBuildFile; fileRef = 272EF18A15E2C1CF008E3F68 /* MapKit.framework */; };
		272EF19515E302B7008E3F68 /* FacebookSDK.framework in Frameworks */ = {isa = PBXBuildFile; fileRef = 272EF19415E302B7008E3F68 /* FacebookSDK.framework */; };
		274C3A89160B5C7B00494C42 /* MBProgressHUD.m in Sources */ = {isa = PBXBuildFile; fileRef = 274C3A86160B5C7B00494C42 /* MBProgressHUD.m */; };
		274C3A8A160B5C7B00494C42 /* PullRefreshTableViewController.m in Sources */ = {isa = PBXBuildFile; fileRef = 274C3A88160B5C7B00494C42 /* PullRefreshTableViewController.m */; };
		275D54351616692A003ABE40 /* Accounts.framework in Frameworks */ = {isa = PBXBuildFile; fileRef = 275D54341616692A003ABE40 /* Accounts.framework */; };
		275D54381616692E003ABE40 /* Twitter.framework in Frameworks */ = {isa = PBXBuildFile; fileRef = 275D54371616692E003ABE40 /* Twitter.framework */; };
		275D543D16166B3E003ABE40 /* Social.framework in Frameworks */ = {isa = PBXBuildFile; fileRef = 275D543C16166B3E003ABE40 /* Social.framework */; };
		275D543F16166B73003ABE40 /* AdSupport.framework in Frameworks */ = {isa = PBXBuildFile; fileRef = 275D543E16166B73003ABE40 /* AdSupport.framework */; };
		275D544116166E6C003ABE40 /* libUAirship-1.3.3.a in Frameworks */ = {isa = PBXBuildFile; fileRef = 275D544016166E6C003ABE40 /* libUAirship-1.3.3.a */; };
		27E6B2AF159E36D000280BC7 /* UIKit.framework in Frameworks */ = {isa = PBXBuildFile; fileRef = 27E6B2AE159E36D000280BC7 /* UIKit.framework */; };
		27E6B2B1159E36D000280BC7 /* Foundation.framework in Frameworks */ = {isa = PBXBuildFile; fileRef = 27E6B2B0159E36D000280BC7 /* Foundation.framework */; };
		27E6B2B3159E36D000280BC7 /* CoreGraphics.framework in Frameworks */ = {isa = PBXBuildFile; fileRef = 27E6B2B2159E36D000280BC7 /* CoreGraphics.framework */; };
		27E6B332159E3CB900280BC7 /* MainStoryboard.storyboard in Resources */ = {isa = PBXBuildFile; fileRef = 27E6B32F159E3CB900280BC7 /* MainStoryboard.storyboard */; };
		27E6B345159E3EAD00280BC7 /* AppDelegate.m in Sources */ = {isa = PBXBuildFile; fileRef = 27E6B344159E3EAD00280BC7 /* AppDelegate.m */; };
		27E6B34D159E3EC800280BC7 /* arrow.png in Resources */ = {isa = PBXBuildFile; fileRef = 27E6B346159E3EC800280BC7 /* arrow.png */; };
		27E6B350159E3EC800280BC7 /* lock.png in Resources */ = {isa = PBXBuildFile; fileRef = 27E6B34A159E3EC800280BC7 /* lock.png */; };
		27E6B351159E3EC800280BC7 /* main.m in Sources */ = {isa = PBXBuildFile; fileRef = 27E6B34B159E3EC800280BC7 /* main.m */; };
		27E6B352159E3EC800280BC7 /* unlock.png in Resources */ = {isa = PBXBuildFile; fileRef = 27E6B34C159E3EC800280BC7 /* unlock.png */; };
		27E6B35B159E3EFD00280BC7 /* UIColor+KinveyHelpers.m in Sources */ = {isa = PBXBuildFile; fileRef = 27E6B35A159E3EFD00280BC7 /* UIColor+KinveyHelpers.m */; };
		27E6B35E159E3F0A00280BC7 /* KCSButton.m in Sources */ = {isa = PBXBuildFile; fileRef = 27E6B35D159E3F0A00280BC7 /* KCSButton.m */; };
		27E6B361159E3F2600280BC7 /* KinveyKit.framework in Frameworks */ = {isa = PBXBuildFile; fileRef = 27E6B35F159E3F2600280BC7 /* KinveyKit.framework */; };
		27E6B367159E3F6B00280BC7 /* CreateAccountViewController.m in Sources */ = {isa = PBXBuildFile; fileRef = 27E6B364159E3F6B00280BC7 /* CreateAccountViewController.m */; };
		27E6B368159E3F6B00280BC7 /* FormViewController.m in Sources */ = {isa = PBXBuildFile; fileRef = 27E6B366159E3F6B00280BC7 /* FormViewController.m */; };
		27E6B36B159E3F7A00280BC7 /* LoginViewContoller.m in Sources */ = {isa = PBXBuildFile; fileRef = 27E6B36A159E3F7900280BC7 /* LoginViewContoller.m */; };
		27E6B372159E407200280BC7 /* UpdateCell.m in Sources */ = {isa = PBXBuildFile; fileRef = 27E6B36D159E407200280BC7 /* UpdateCell.m */; };
		27E6B373159E407200280BC7 /* UpdatesViewController.m in Sources */ = {isa = PBXBuildFile; fileRef = 27E6B36F159E407200280BC7 /* UpdatesViewController.m */; };
		27E6B374159E407200280BC7 /* WriteUpdateViewController.m in Sources */ = {isa = PBXBuildFile; fileRef = 27E6B371159E407200280BC7 /* WriteUpdateViewController.m */; };
		27E6B377159E408300280BC7 /* AuthorViewController.m in Sources */ = {isa = PBXBuildFile; fileRef = 27E6B376159E408300280BC7 /* AuthorViewController.m */; };
		27E6B37D159E409600280BC7 /* KinveyFriendsUpdate.m in Sources */ = {isa = PBXBuildFile; fileRef = 27E6B37B159E409600280BC7 /* KinveyFriendsUpdate.m */; };
		27E6B382159E40A600280BC7 /* GravatarStore.m in Sources */ = {isa = PBXBuildFile; fileRef = 27E6B37F159E40A500280BC7 /* GravatarStore.m */; };
		27E6B383159E40A600280BC7 /* MD5Helpers.m in Sources */ = {isa = PBXBuildFile; fileRef = 27E6B381159E40A600280BC7 /* MD5Helpers.m */; };
		27E6B386159E40E500280BC7 /* InfoPlist.strings in Resources */ = {isa = PBXBuildFile; fileRef = 27E6B384159E40E500280BC7 /* InfoPlist.strings */; };
		27E6B390159E41D500280BC7 /* QuartzCore.framework in Frameworks */ = {isa = PBXBuildFile; fileRef = 27E6B38F159E41D500280BC7 /* QuartzCore.framework */; };
		27E6B3A815A213C100280BC7 /* iTunesArtwork in Resources */ = {isa = PBXBuildFile; fileRef = 27E6B3A615A213B800280BC7 /* iTunesArtwork */; };
		27E6B3B215A2141B00280BC7 /* Icon-72.png in Resources */ = {isa = PBXBuildFile; fileRef = 27E6B3AB15A2141B00280BC7 /* Icon-72.png */; };
		27E6B3B315A2141B00280BC7 /* Icon-72@2x.png in Resources */ = {isa = PBXBuildFile; fileRef = 27E6B3AC15A2141B00280BC7 /* Icon-72@2x.png */; };
		27E6B3B415A2141B00280BC7 /* Icon.png in Resources */ = {isa = PBXBuildFile; fileRef = 27E6B3AD15A2141B00280BC7 /* Icon.png */; };
		27E6B3B515A2141B00280BC7 /* Icon@2x.png in Resources */ = {isa = PBXBuildFile; fileRef = 27E6B3AE15A2141B00280BC7 /* Icon@2x.png */; };
		27E6B3B615A2141B00280BC7 /* ItunesArtwork.png in Resources */ = {isa = PBXBuildFile; fileRef = 27E6B3AF15A2141B00280BC7 /* ItunesArtwork.png */; };
		27E6B3BB15A2172200280BC7 /* grid_blank.png in Resources */ = {isa = PBXBuildFile; fileRef = 27E6B3B915A2172200280BC7 /* grid_blank.png */; };
		27E6B3BC15A2172200280BC7 /* grid_blank@2x.png in Resources */ = {isa = PBXBuildFile; fileRef = 27E6B3BA15A2172200280BC7 /* grid_blank@2x.png */; };
		44E5BB9A1E4A43B48FCE2A5B /* Foundation.framework in Frameworks */ = {isa = PBXBuildFile; fileRef = D359CEE3AA654D538EC47440 /* Foundation.framework */; };
		452843D912854F5CA5BA586C /* CFNetwork.framework in Frameworks */ = {isa = PBXBuildFile; fileRef = 828258A0BC7940E6BD310385 /* CFNetwork.framework */; };
		682589937DBF402CB03C7A9C /* UIKit.framework in Frameworks */ = {isa = PBXBuildFile; fileRef = DB1100433C724546A92A86B9 /* UIKit.framework */; };
		77EFB1D10C144B6299B7E90E /* StoreKit.framework in Frameworks */ = {isa = PBXBuildFile; fileRef = 0864244EB4EB4378A013D2A4 /* StoreKit.framework */; };
		7CD1A1CD88E044888917EA86 /* libsqlite3.dylib in Frameworks */ = {isa = PBXBuildFile; fileRef = 1F4A168F34A6432793DC5300 /* libsqlite3.dylib */; };
		87888FBE0AE345FEABDAAA99 /* SystemConfiguration.framework in Frameworks */ = {isa = PBXBuildFile; fileRef = 90DEBB80DA534A469FC9F2AD /* SystemConfiguration.framework */; };
		8B1B1B961E444DE5A0344ED2 /* libz.dylib in Frameworks */ = {isa = PBXBuildFile; fileRef = A5D2BFA411D747529F025CF3 /* libz.dylib */; };
		8E161CCB79E14C3DB26ADA1F /* CoreTelephony.framework in Frameworks */ = {isa = PBXBuildFile; fileRef = 7C2A411236F24BF68A700F43 /* CoreTelephony.framework */; };
		99B982E115904F4987C9A948 /* Security.framework in Frameworks */ = {isa = PBXBuildFile; fileRef = 90F30FA441BA4F82A7FCC961 /* Security.framework */; };
		D91438FC689549768F8B1DB2 /* MobileCoreServices.framework in Frameworks */ = {isa = PBXBuildFile; fileRef = 92D1F49CE8DB4334AEA2EA68 /* MobileCoreServices.framework */; };
		F81E8A002EA746E5A6584F41 /* CoreGraphics.framework in Frameworks */ = {isa = PBXBuildFile; fileRef = 01A2D2B3859E4FABAD0FEA25 /* CoreGraphics.framework */; };
/* End PBXBuildFile section */

/* Begin PBXFileReference section */
		01A2D2B3859E4FABAD0FEA25 /* CoreGraphics.framework */ = {isa = PBXFileReference; lastKnownFileType = wrapper.framework; name = CoreGraphics.framework; path = System/Library/Frameworks/CoreGraphics.framework; sourceTree = SDKROOT; };
		0864244EB4EB4378A013D2A4 /* StoreKit.framework */ = {isa = PBXFileReference; lastKnownFileType = wrapper.framework; name = StoreKit.framework; path = System/Library/Frameworks/StoreKit.framework; sourceTree = SDKROOT; };
		1F4A168F34A6432793DC5300 /* libsqlite3.dylib */ = {isa = PBXFileReference; lastKnownFileType = "compiled.mach-o.dylib"; name = libsqlite3.dylib; path = usr/lib/libsqlite3.dylib; sourceTree = SDKROOT; };
		2721B015160BA6080056A803 /* Default-568h@2x.png */ = {isa = PBXFileReference; lastKnownFileType = image.png; path = "Default-568h@2x.png"; sourceTree = "<group>"; };
		2721B016160BA6080056A803 /* Default.png */ = {isa = PBXFileReference; lastKnownFileType = image.png; path = Default.png; sourceTree = "<group>"; };
		2721B017160BA6080056A803 /* Default@2x.png */ = {isa = PBXFileReference; lastKnownFileType = image.png; path = "Default@2x.png"; sourceTree = "<group>"; };
		272EF17715E2B31E008E3F68 /* globe.png */ = {isa = PBXFileReference; lastKnownFileType = image.png; path = globe.png; sourceTree = "<group>"; };
		272EF17A15E2B39D008E3F68 /* globe_green.png */ = {isa = PBXFileReference; lastKnownFileType = image.png; path = globe_green.png; sourceTree = "<group>"; };
		272EF17C15E2B808008E3F68 /* CoreLocation.framework */ = {isa = PBXFileReference; lastKnownFileType = wrapper.framework; name = CoreLocation.framework; path = System/Library/Frameworks/CoreLocation.framework; sourceTree = SDKROOT; };
		272EF18A15E2C1CF008E3F68 /* MapKit.framework */ = {isa = PBXFileReference; lastKnownFileType = wrapper.framework; name = MapKit.framework; path = System/Library/Frameworks/MapKit.framework; sourceTree = SDKROOT; };
		272EF19415E302B7008E3F68 /* FacebookSDK.framework */ = {isa = PBXFileReference; lastKnownFileType = wrapper.framework; path = FacebookSDK.framework; sourceTree = "<group>"; };
		274C3A85160B5C7B00494C42 /* MBProgressHUD.h */ = {isa = PBXFileReference; fileEncoding = 4; lastKnownFileType = sourcecode.c.h; path = MBProgressHUD.h; sourceTree = "<group>"; };
		274C3A86160B5C7B00494C42 /* MBProgressHUD.m */ = {isa = PBXFileReference; fileEncoding = 4; lastKnownFileType = sourcecode.c.objc; path = MBProgressHUD.m; sourceTree = "<group>"; };
		274C3A87160B5C7B00494C42 /* PullRefreshTableViewController.h */ = {isa = PBXFileReference; fileEncoding = 4; lastKnownFileType = sourcecode.c.h; path = PullRefreshTableViewController.h; sourceTree = "<group>"; };
		274C3A88160B5C7B00494C42 /* PullRefreshTableViewController.m */ = {isa = PBXFileReference; fileEncoding = 4; lastKnownFileType = sourcecode.c.objc; path = PullRefreshTableViewController.m; sourceTree = "<group>"; };
		275D54341616692A003ABE40 /* Accounts.framework */ = {isa = PBXFileReference; lastKnownFileType = wrapper.framework; name = Accounts.framework; path = System/Library/Frameworks/Accounts.framework; sourceTree = SDKROOT; };
		275D54371616692E003ABE40 /* Twitter.framework */ = {isa = PBXFileReference; lastKnownFileType = wrapper.framework; name = Twitter.framework; path = System/Library/Frameworks/Twitter.framework; sourceTree = SDKROOT; };
		275D543C16166B3E003ABE40 /* Social.framework */ = {isa = PBXFileReference; lastKnownFileType = wrapper.framework; name = Social.framework; path = System/Library/Frameworks/Social.framework; sourceTree = SDKROOT; };
		275D543E16166B73003ABE40 /* AdSupport.framework */ = {isa = PBXFileReference; lastKnownFileType = wrapper.framework; name = AdSupport.framework; path = System/Library/Frameworks/AdSupport.framework; sourceTree = SDKROOT; };
		275D544016166E6C003ABE40 /* libUAirship-1.3.3.a */ = {isa = PBXFileReference; lastKnownFileType = archive.ar; path = "libUAirship-1.3.3.a"; sourceTree = "<group>"; };
		27E6B2AA159E36D000280BC7 /* StatusShare.app */ = {isa = PBXFileReference; explicitFileType = wrapper.application; includeInIndex = 0; path = StatusShare.app; sourceTree = BUILT_PRODUCTS_DIR; };
		27E6B2AE159E36D000280BC7 /* UIKit.framework */ = {isa = PBXFileReference; lastKnownFileType = wrapper.framework; name = UIKit.framework; path = System/Library/Frameworks/UIKit.framework; sourceTree = SDKROOT; };
		27E6B2B0159E36D000280BC7 /* Foundation.framework */ = {isa = PBXFileReference; lastKnownFileType = wrapper.framework; name = Foundation.framework; path = System/Library/Frameworks/Foundation.framework; sourceTree = SDKROOT; };
		27E6B2B2159E36D000280BC7 /* CoreGraphics.framework */ = {isa = PBXFileReference; lastKnownFileType = wrapper.framework; name = CoreGraphics.framework; path = System/Library/Frameworks/CoreGraphics.framework; sourceTree = SDKROOT; };
		27E6B2CF159E36D000280BC7 /* SenTestingKit.framework */ = {isa = PBXFileReference; lastKnownFileType = wrapper.framework; name = SenTestingKit.framework; path = Library/Frameworks/SenTestingKit.framework; sourceTree = DEVELOPER_DIR; };
		27E6B2D7159E36D000280BC7 /* StatusShareTests-Info.plist */ = {isa = PBXFileReference; lastKnownFileType = text.plist.xml; path = "StatusShareTests-Info.plist"; sourceTree = "<group>"; };
		27E6B2D9159E36D000280BC7 /* en */ = {isa = PBXFileReference; lastKnownFileType = text.plist.strings; name = en; path = en.lproj/InfoPlist.strings; sourceTree = "<group>"; };
		27E6B2DB159E36D000280BC7 /* StatusShareTests.h */ = {isa = PBXFileReference; lastKnownFileType = sourcecode.c.h; path = StatusShareTests.h; sourceTree = "<group>"; };
		27E6B2DC159E36D000280BC7 /* StatusShareTests.m */ = {isa = PBXFileReference; lastKnownFileType = sourcecode.c.objc; path = StatusShareTests.m; sourceTree = "<group>"; };
		27E6B330159E3CB900280BC7 /* en */ = {isa = PBXFileReference; lastKnownFileType = file.storyboard; name = en; path = MainStoryboard.storyboard; sourceTree = "<group>"; };
		27E6B343159E3EAD00280BC7 /* AppDelegate.h */ = {isa = PBXFileReference; fileEncoding = 4; lastKnownFileType = sourcecode.c.h; name = AppDelegate.h; path = Classes/AppDelegate.h; sourceTree = "<group>"; };
		27E6B344159E3EAD00280BC7 /* AppDelegate.m */ = {isa = PBXFileReference; fileEncoding = 4; lastKnownFileType = sourcecode.c.objc; name = AppDelegate.m; path = Classes/AppDelegate.m; sourceTree = "<group>"; };
		27E6B346159E3EC800280BC7 /* arrow.png */ = {isa = PBXFileReference; lastKnownFileType = image.png; path = arrow.png; sourceTree = "<group>"; };
		27E6B348159E3EC800280BC7 /* StatusShare-Prefix.pch */ = {isa = PBXFileReference; fileEncoding = 4; lastKnownFileType = sourcecode.c.h; path = "StatusShare-Prefix.pch"; sourceTree = "<group>"; };
		27E6B349159E3EC800280BC7 /* StatusShare-Info.plist */ = {isa = PBXFileReference; fileEncoding = 4; lastKnownFileType = text.plist.xml; path = "StatusShare-Info.plist"; sourceTree = "<group>"; };
		27E6B34A159E3EC800280BC7 /* lock.png */ = {isa = PBXFileReference; lastKnownFileType = image.png; path = lock.png; sourceTree = "<group>"; };
		27E6B34B159E3EC800280BC7 /* main.m */ = {isa = PBXFileReference; fileEncoding = 4; lastKnownFileType = sourcecode.c.objc; path = main.m; sourceTree = "<group>"; };
		27E6B34C159E3EC800280BC7 /* unlock.png */ = {isa = PBXFileReference; lastKnownFileType = image.png; path = unlock.png; sourceTree = "<group>"; };
		27E6B359159E3EFD00280BC7 /* UIColor+KinveyHelpers.h */ = {isa = PBXFileReference; fileEncoding = 4; lastKnownFileType = sourcecode.c.h; name = "UIColor+KinveyHelpers.h"; path = "Classes/UIColor+KinveyHelpers.h"; sourceTree = "<group>"; };
		27E6B35A159E3EFD00280BC7 /* UIColor+KinveyHelpers.m */ = {isa = PBXFileReference; fileEncoding = 4; lastKnownFileType = sourcecode.c.objc; name = "UIColor+KinveyHelpers.m"; path = "Classes/UIColor+KinveyHelpers.m"; sourceTree = "<group>"; };
		27E6B35C159E3F0A00280BC7 /* KCSButton.h */ = {isa = PBXFileReference; fileEncoding = 4; lastKnownFileType = sourcecode.c.h; name = KCSButton.h; path = Classes/KCSButton.h; sourceTree = "<group>"; };
		27E6B35D159E3F0A00280BC7 /* KCSButton.m */ = {isa = PBXFileReference; fileEncoding = 4; lastKnownFileType = sourcecode.c.objc; name = KCSButton.m; path = Classes/KCSButton.m; sourceTree = "<group>"; };
		27E6B35F159E3F2600280BC7 /* KinveyKit.framework */ = {isa = PBXFileReference; lastKnownFileType = wrapper.framework; path = KinveyKit.framework; sourceTree = "<group>"; };
		27E6B363159E3F6B00280BC7 /* CreateAccountViewController.h */ = {isa = PBXFileReference; fileEncoding = 4; lastKnownFileType = sourcecode.c.h; name = CreateAccountViewController.h; path = Classes/CreateAccountViewController.h; sourceTree = "<group>"; };
		27E6B364159E3F6B00280BC7 /* CreateAccountViewController.m */ = {isa = PBXFileReference; fileEncoding = 4; lastKnownFileType = sourcecode.c.objc; name = CreateAccountViewController.m; path = Classes/CreateAccountViewController.m; sourceTree = "<group>"; };
		27E6B365159E3F6B00280BC7 /* FormViewController.h */ = {isa = PBXFileReference; fileEncoding = 4; lastKnownFileType = sourcecode.c.h; name = FormViewController.h; path = Classes/FormViewController.h; sourceTree = "<group>"; };
		27E6B366159E3F6B00280BC7 /* FormViewController.m */ = {isa = PBXFileReference; fileEncoding = 4; lastKnownFileType = sourcecode.c.objc; name = FormViewController.m; path = Classes/FormViewController.m; sourceTree = "<group>"; };
		27E6B369159E3F7900280BC7 /* LoginViewContoller.h */ = {isa = PBXFileReference; fileEncoding = 4; lastKnownFileType = sourcecode.c.h; name = LoginViewContoller.h; path = Classes/LoginViewContoller.h; sourceTree = "<group>"; };
		27E6B36A159E3F7900280BC7 /* LoginViewContoller.m */ = {isa = PBXFileReference; fileEncoding = 4; lastKnownFileType = sourcecode.c.objc; name = LoginViewContoller.m; path = Classes/LoginViewContoller.m; sourceTree = "<group>"; };
		27E6B36C159E407200280BC7 /* UpdateCell.h */ = {isa = PBXFileReference; fileEncoding = 4; lastKnownFileType = sourcecode.c.h; name = UpdateCell.h; path = Classes/UpdateCell.h; sourceTree = "<group>"; };
		27E6B36D159E407200280BC7 /* UpdateCell.m */ = {isa = PBXFileReference; fileEncoding = 4; lastKnownFileType = sourcecode.c.objc; name = UpdateCell.m; path = Classes/UpdateCell.m; sourceTree = "<group>"; };
		27E6B36E159E407200280BC7 /* UpdatesViewController.h */ = {isa = PBXFileReference; fileEncoding = 4; lastKnownFileType = sourcecode.c.h; name = UpdatesViewController.h; path = Classes/UpdatesViewController.h; sourceTree = "<group>"; };
		27E6B36F159E407200280BC7 /* UpdatesViewController.m */ = {isa = PBXFileReference; fileEncoding = 4; lastKnownFileType = sourcecode.c.objc; name = UpdatesViewController.m; path = Classes/UpdatesViewController.m; sourceTree = "<group>"; };
		27E6B370159E407200280BC7 /* WriteUpdateViewController.h */ = {isa = PBXFileReference; fileEncoding = 4; lastKnownFileType = sourcecode.c.h; name = WriteUpdateViewController.h; path = Classes/WriteUpdateViewController.h; sourceTree = "<group>"; };
		27E6B371159E407200280BC7 /* WriteUpdateViewController.m */ = {isa = PBXFileReference; fileEncoding = 4; lastKnownFileType = sourcecode.c.objc; name = WriteUpdateViewController.m; path = Classes/WriteUpdateViewController.m; sourceTree = "<group>"; };
		27E6B375159E408200280BC7 /* AuthorViewController.h */ = {isa = PBXFileReference; fileEncoding = 4; lastKnownFileType = sourcecode.c.h; name = AuthorViewController.h; path = Classes/AuthorViewController.h; sourceTree = "<group>"; };
		27E6B376159E408300280BC7 /* AuthorViewController.m */ = {isa = PBXFileReference; fileEncoding = 4; lastKnownFileType = sourcecode.c.objc; name = AuthorViewController.m; path = Classes/AuthorViewController.m; sourceTree = "<group>"; };
		27E6B37A159E409600280BC7 /* KinveyFriendsUpdate.h */ = {isa = PBXFileReference; fileEncoding = 4; lastKnownFileType = sourcecode.c.h; name = KinveyFriendsUpdate.h; path = Classes/KinveyFriendsUpdate.h; sourceTree = "<group>"; };
		27E6B37B159E409600280BC7 /* KinveyFriendsUpdate.m */ = {isa = PBXFileReference; fileEncoding = 4; lastKnownFileType = sourcecode.c.objc; name = KinveyFriendsUpdate.m; path = Classes/KinveyFriendsUpdate.m; sourceTree = "<group>"; };
		27E6B37E159E40A500280BC7 /* GravatarStore.h */ = {isa = PBXFileReference; fileEncoding = 4; lastKnownFileType = sourcecode.c.h; name = GravatarStore.h; path = Classes/GravatarStore.h; sourceTree = "<group>"; };
		27E6B37F159E40A500280BC7 /* GravatarStore.m */ = {isa = PBXFileReference; fileEncoding = 4; lastKnownFileType = sourcecode.c.objc; name = GravatarStore.m; path = Classes/GravatarStore.m; sourceTree = "<group>"; };
		27E6B380159E40A500280BC7 /* MD5Helpers.h */ = {isa = PBXFileReference; fileEncoding = 4; lastKnownFileType = sourcecode.c.h; name = MD5Helpers.h; path = Classes/MD5Helpers.h; sourceTree = "<group>"; };
		27E6B381159E40A600280BC7 /* MD5Helpers.m */ = {isa = PBXFileReference; fileEncoding = 4; lastKnownFileType = sourcecode.c.objc; name = MD5Helpers.m; path = Classes/MD5Helpers.m; sourceTree = "<group>"; };
		27E6B385159E40E500280BC7 /* en */ = {isa = PBXFileReference; lastKnownFileType = text.plist.strings; name = en; path = en.lproj/InfoPlist.strings; sourceTree = "<group>"; };
		27E6B38F159E41D500280BC7 /* QuartzCore.framework */ = {isa = PBXFileReference; lastKnownFileType = wrapper.framework; name = QuartzCore.framework; path = System/Library/Frameworks/QuartzCore.framework; sourceTree = SDKROOT; };
		27E6B3A615A213B800280BC7 /* iTunesArtwork */ = {isa = PBXFileReference; lastKnownFileType = file; path = iTunesArtwork; sourceTree = "<group>"; };
		27E6B3AB15A2141B00280BC7 /* Icon-72.png */ = {isa = PBXFileReference; lastKnownFileType = image.png; path = "Icon-72.png"; sourceTree = "<group>"; };
		27E6B3AC15A2141B00280BC7 /* Icon-72@2x.png */ = {isa = PBXFileReference; lastKnownFileType = image.png; path = "Icon-72@2x.png"; sourceTree = "<group>"; };
		27E6B3AD15A2141B00280BC7 /* Icon.png */ = {isa = PBXFileReference; lastKnownFileType = image.png; path = Icon.png; sourceTree = "<group>"; };
		27E6B3AE15A2141B00280BC7 /* Icon@2x.png */ = {isa = PBXFileReference; lastKnownFileType = image.png; path = "Icon@2x.png"; sourceTree = "<group>"; };
		27E6B3AF15A2141B00280BC7 /* ItunesArtwork.png */ = {isa = PBXFileReference; lastKnownFileType = image.png; path = ItunesArtwork.png; sourceTree = "<group>"; };
		27E6B3B915A2172200280BC7 /* grid_blank.png */ = {isa = PBXFileReference; lastKnownFileType = image.png; path = grid_blank.png; sourceTree = "<group>"; };
		27E6B3BA15A2172200280BC7 /* grid_blank@2x.png */ = {isa = PBXFileReference; lastKnownFileType = image.png; path = "grid_blank@2x.png"; sourceTree = "<group>"; };
		7C2A411236F24BF68A700F43 /* CoreTelephony.framework */ = {isa = PBXFileReference; lastKnownFileType = wrapper.framework; name = CoreTelephony.framework; path = System/Library/Frameworks/CoreTelephony.framework; sourceTree = SDKROOT; };
		828258A0BC7940E6BD310385 /* CFNetwork.framework */ = {isa = PBXFileReference; lastKnownFileType = wrapper.framework; name = CFNetwork.framework; path = System/Library/Frameworks/CFNetwork.framework; sourceTree = SDKROOT; };
		90DEBB80DA534A469FC9F2AD /* SystemConfiguration.framework */ = {isa = PBXFileReference; lastKnownFileType = wrapper.framework; name = SystemConfiguration.framework; path = System/Library/Frameworks/SystemConfiguration.framework; sourceTree = SDKROOT; };
		90F30FA441BA4F82A7FCC961 /* Security.framework */ = {isa = PBXFileReference; lastKnownFileType = wrapper.framework; name = Security.framework; path = System/Library/Frameworks/Security.framework; sourceTree = SDKROOT; };
		92D1F49CE8DB4334AEA2EA68 /* MobileCoreServices.framework */ = {isa = PBXFileReference; lastKnownFileType = wrapper.framework; name = MobileCoreServices.framework; path = System/Library/Frameworks/MobileCoreServices.framework; sourceTree = SDKROOT; };
		A5D2BFA411D747529F025CF3 /* libz.dylib */ = {isa = PBXFileReference; lastKnownFileType = "compiled.mach-o.dylib"; name = libz.dylib; path = usr/lib/libz.dylib; sourceTree = SDKROOT; };
		D359CEE3AA654D538EC47440 /* Foundation.framework */ = {isa = PBXFileReference; lastKnownFileType = wrapper.framework; name = Foundation.framework; path = System/Library/Frameworks/Foundation.framework; sourceTree = SDKROOT; };
		DB1100433C724546A92A86B9 /* UIKit.framework */ = {isa = PBXFileReference; lastKnownFileType = wrapper.framework; name = UIKit.framework; path = System/Library/Frameworks/UIKit.framework; sourceTree = SDKROOT; };
/* End PBXFileReference section */

/* Begin PBXFrameworksBuildPhase section */
		27E6B2A7159E36D000280BC7 /* Frameworks */ = {
			isa = PBXFrameworksBuildPhase;
			buildActionMask = 2147483647;
			files = (
				275D543F16166B73003ABE40 /* AdSupport.framework in Frameworks */,
				275D543D16166B3E003ABE40 /* Social.framework in Frameworks */,
				275D54381616692E003ABE40 /* Twitter.framework in Frameworks */,
				275D54351616692A003ABE40 /* Accounts.framework in Frameworks */,
				272EF18B15E2C1CF008E3F68 /* MapKit.framework in Frameworks */,
				272EF17D15E2B808008E3F68 /* CoreLocation.framework in Frameworks */,
				27E6B390159E41D500280BC7 /* QuartzCore.framework in Frameworks */,
				27E6B2AF159E36D000280BC7 /* UIKit.framework in Frameworks */,
				27E6B2B1159E36D000280BC7 /* Foundation.framework in Frameworks */,
				27E6B2B3159E36D000280BC7 /* CoreGraphics.framework in Frameworks */,
				27E6B361159E3F2600280BC7 /* KinveyKit.framework in Frameworks */,
				452843D912854F5CA5BA586C /* CFNetwork.framework in Frameworks */,
				F81E8A002EA746E5A6584F41 /* CoreGraphics.framework in Frameworks */,
				44E5BB9A1E4A43B48FCE2A5B /* Foundation.framework in Frameworks */,
				D91438FC689549768F8B1DB2 /* MobileCoreServices.framework in Frameworks */,
				99B982E115904F4987C9A948 /* Security.framework in Frameworks */,
				87888FBE0AE345FEABDAAA99 /* SystemConfiguration.framework in Frameworks */,
				682589937DBF402CB03C7A9C /* UIKit.framework in Frameworks */,
				77EFB1D10C144B6299B7E90E /* StoreKit.framework in Frameworks */,
				8E161CCB79E14C3DB26ADA1F /* CoreTelephony.framework in Frameworks */,
				8B1B1B961E444DE5A0344ED2 /* libz.dylib in Frameworks */,
				7CD1A1CD88E044888917EA86 /* libsqlite3.dylib in Frameworks */,
				272EF19515E302B7008E3F68 /* FacebookSDK.framework in Frameworks */,
				275D544116166E6C003ABE40 /* libUAirship-1.3.3.a in Frameworks */,
			);
			runOnlyForDeploymentPostprocessing = 0;
		};
/* End PBXFrameworksBuildPhase section */

/* Begin PBXGroup section */
		274C3A84160B5C7B00494C42 /* 3rd Party */ = {
			isa = PBXGroup;
			children = (
				274C3A85160B5C7B00494C42 /* MBProgressHUD.h */,
				274C3A86160B5C7B00494C42 /* MBProgressHUD.m */,
				274C3A87160B5C7B00494C42 /* PullRefreshTableViewController.h */,
				274C3A88160B5C7B00494C42 /* PullRefreshTableViewController.m */,
			);
			name = "3rd Party";
			path = "Classes/3rd Party";
			sourceTree = "<group>";
		};
		27E6B29F159E36D000280BC7 = {
			isa = PBXGroup;
			children = (
				27E6B2B4159E36D000280BC7 /* StatusShare */,
				27E6B342159E3D9500280BC7 /* Supporting Files */,
				27E6B2D5159E36D000280BC7 /* StatusShareTests */,
				27E6B2AD159E36D000280BC7 /* Frameworks */,
				27E6B2AB159E36D000280BC7 /* Products */,
			);
			sourceTree = "<group>";
		};
		27E6B2AB159E36D000280BC7 /* Products */ = {
			isa = PBXGroup;
			children = (
				27E6B2AA159E36D000280BC7 /* StatusShare.app */,
			);
			name = Products;
			sourceTree = "<group>";
		};
		27E6B2AD159E36D000280BC7 /* Frameworks */ = {
			isa = PBXGroup;
			children = (
				275D544016166E6C003ABE40 /* libUAirship-1.3.3.a */,
				275D543E16166B73003ABE40 /* AdSupport.framework */,
				275D543C16166B3E003ABE40 /* Social.framework */,
				275D54371616692E003ABE40 /* Twitter.framework */,
				275D54341616692A003ABE40 /* Accounts.framework */,
				272EF19415E302B7008E3F68 /* FacebookSDK.framework */,
				272EF18A15E2C1CF008E3F68 /* MapKit.framework */,
				272EF17C15E2B808008E3F68 /* CoreLocation.framework */,
				27E6B35F159E3F2600280BC7 /* KinveyKit.framework */,
				27E6B2AE159E36D000280BC7 /* UIKit.framework */,
				27E6B38F159E41D500280BC7 /* QuartzCore.framework */,
				27E6B2B0159E36D000280BC7 /* Foundation.framework */,
				27E6B2B2159E36D000280BC7 /* CoreGraphics.framework */,
				27E6B2CF159E36D000280BC7 /* SenTestingKit.framework */,
				828258A0BC7940E6BD310385 /* CFNetwork.framework */,
				01A2D2B3859E4FABAD0FEA25 /* CoreGraphics.framework */,
				D359CEE3AA654D538EC47440 /* Foundation.framework */,
				92D1F49CE8DB4334AEA2EA68 /* MobileCoreServices.framework */,
				90F30FA441BA4F82A7FCC961 /* Security.framework */,
				90DEBB80DA534A469FC9F2AD /* SystemConfiguration.framework */,
				DB1100433C724546A92A86B9 /* UIKit.framework */,
				0864244EB4EB4378A013D2A4 /* StoreKit.framework */,
				7C2A411236F24BF68A700F43 /* CoreTelephony.framework */,
				A5D2BFA411D747529F025CF3 /* libz.dylib */,
				1F4A168F34A6432793DC5300 /* libsqlite3.dylib */,
			);
			name = Frameworks;
			sourceTree = "<group>";
		};
		27E6B2B4159E36D000280BC7 /* StatusShare */ = {
			isa = PBXGroup;
			children = (
				27E6B343159E3EAD00280BC7 /* AppDelegate.h */,
				27E6B344159E3EAD00280BC7 /* AppDelegate.m */,
				27E6B32F159E3CB900280BC7 /* MainStoryboard.storyboard */,
				27E6B32B159E3C9700280BC7 /* Login and Signup */,
				27E6B333159E3CD200280BC7 /* Viewing/Creating Updates */,
				27E6B334159E3CF200280BC7 /* Backend Classes */,
				27E6B335159E3D0300280BC7 /* Utility */,
				27E6B339159E3D3800280BC7 /* UI Elements */,
			);
			path = StatusShare;
			sourceTree = "<group>";
		};
		27E6B2D5159E36D000280BC7 /* StatusShareTests */ = {
			isa = PBXGroup;
			children = (
				27E6B2DB159E36D000280BC7 /* StatusShareTests.h */,
				27E6B2DC159E36D000280BC7 /* StatusShareTests.m */,
				27E6B2D6159E36D000280BC7 /* Supporting Files */,
			);
			path = StatusShareTests;
			sourceTree = SOURCE_ROOT;
		};
		27E6B2D6159E36D000280BC7 /* Supporting Files */ = {
			isa = PBXGroup;
			children = (
				27E6B2D7159E36D000280BC7 /* StatusShareTests-Info.plist */,
				27E6B2D8159E36D000280BC7 /* InfoPlist.strings */,
			);
			name = "Supporting Files";
			sourceTree = "<group>";
		};
		27E6B32B159E3C9700280BC7 /* Login and Signup */ = {
			isa = PBXGroup;
			children = (
				27E6B365159E3F6B00280BC7 /* FormViewController.h */,
				27E6B366159E3F6B00280BC7 /* FormViewController.m */,
				27E6B369159E3F7900280BC7 /* LoginViewContoller.h */,
				27E6B36A159E3F7900280BC7 /* LoginViewContoller.m */,
				27E6B363159E3F6B00280BC7 /* CreateAccountViewController.h */,
				27E6B364159E3F6B00280BC7 /* CreateAccountViewController.m */,
			);
			name = "Login and Signup";
			sourceTree = "<group>";
		};
		27E6B333159E3CD200280BC7 /* Viewing/Creating Updates */ = {
			isa = PBXGroup;
			children = (
				27E6B36E159E407200280BC7 /* UpdatesViewController.h */,
				27E6B36F159E407200280BC7 /* UpdatesViewController.m */,
				27E6B375159E408200280BC7 /* AuthorViewController.h */,
				27E6B376159E408300280BC7 /* AuthorViewController.m */,
				27E6B36C159E407200280BC7 /* UpdateCell.h */,
				27E6B36D159E407200280BC7 /* UpdateCell.m */,
				27E6B370159E407200280BC7 /* WriteUpdateViewController.h */,
				27E6B371159E407200280BC7 /* WriteUpdateViewController.m */,
			);
			name = "Viewing/Creating Updates";
			sourceTree = "<group>";
		};
		27E6B334159E3CF200280BC7 /* Backend Classes */ = {
			isa = PBXGroup;
			children = (
				27E6B37A159E409600280BC7 /* KinveyFriendsUpdate.h */,
				27E6B37B159E409600280BC7 /* KinveyFriendsUpdate.m */,
			);
			name = "Backend Classes";
			sourceTree = "<group>";
		};
		27E6B335159E3D0300280BC7 /* Utility */ = {
			isa = PBXGroup;
			children = (
				27E6B380159E40A500280BC7 /* MD5Helpers.h */,
				27E6B381159E40A600280BC7 /* MD5Helpers.m */,
				27E6B37E159E40A500280BC7 /* GravatarStore.h */,
				27E6B37F159E40A500280BC7 /* GravatarStore.m */,
			);
			name = Utility;
			sourceTree = "<group>";
		};
		27E6B339159E3D3800280BC7 /* UI Elements */ = {
			isa = PBXGroup;
			children = (
				274C3A84160B5C7B00494C42 /* 3rd Party */,
				27E6B341159E3D5A00280BC7 /* Kinvey */,
			);
			name = "UI Elements";
			sourceTree = "<group>";
		};
		27E6B341159E3D5A00280BC7 /* Kinvey */ = {
			isa = PBXGroup;
			children = (
				27E6B359159E3EFD00280BC7 /* UIColor+KinveyHelpers.h */,
				27E6B35A159E3EFD00280BC7 /* UIColor+KinveyHelpers.m */,
				27E6B35C159E3F0A00280BC7 /* KCSButton.h */,
				27E6B35D159E3F0A00280BC7 /* KCSButton.m */,
			);
			name = Kinvey;
			sourceTree = "<group>";
		};
		27E6B342159E3D9500280BC7 /* Supporting Files */ = {
			isa = PBXGroup;
			children = (
				27E6B34B159E3EC800280BC7 /* main.m */,
				27E6B348159E3EC800280BC7 /* StatusShare-Prefix.pch */,
				27E6B349159E3EC800280BC7 /* StatusShare-Info.plist */,
				27E6B384159E40E500280BC7 /* InfoPlist.strings */,
				27E6B3A615A213B800280BC7 /* iTunesArtwork */,
				2721B016160BA6080056A803 /* Default.png */,
				2721B017160BA6080056A803 /* Default@2x.png */,
				2721B015160BA6080056A803 /* Default-568h@2x.png */,
				27E6B3AB15A2141B00280BC7 /* Icon-72.png */,
				27E6B3AC15A2141B00280BC7 /* Icon-72@2x.png */,
				27E6B3AD15A2141B00280BC7 /* Icon.png */,
				27E6B3AE15A2141B00280BC7 /* Icon@2x.png */,
				27E6B3AF15A2141B00280BC7 /* ItunesArtwork.png */,
				27E6B3B915A2172200280BC7 /* grid_blank.png */,
				27E6B3BA15A2172200280BC7 /* grid_blank@2x.png */,
				27E6B34A159E3EC800280BC7 /* lock.png */,
				27E6B346159E3EC800280BC7 /* arrow.png */,
				27E6B34C159E3EC800280BC7 /* unlock.png */,
				272EF17715E2B31E008E3F68 /* globe.png */,
				272EF17A15E2B39D008E3F68 /* globe_green.png */,
			);
			name = "Supporting Files";
			path = StatusShare;
			sourceTree = SOURCE_ROOT;
		};
/* End PBXGroup section */

/* Begin PBXNativeTarget section */
		27E6B2A9159E36D000280BC7 /* StatusShare */ = {
			isa = PBXNativeTarget;
			buildConfigurationList = 27E6B2E0159E36D000280BC7 /* Build configuration list for PBXNativeTarget "StatusShare" */;
			buildPhases = (
				27E6B2A6159E36D000280BC7 /* Sources */,
				27E6B2A7159E36D000280BC7 /* Frameworks */,
				27E6B2A8159E36D000280BC7 /* Resources */,
			);
			buildRules = (
			);
			dependencies = (
			);
			name = StatusShare;
			productName = KinveyGram;
			productReference = 27E6B2AA159E36D000280BC7 /* StatusShare.app */;
			productType = "com.apple.product-type.application";
		};
/* End PBXNativeTarget section */

/* Begin PBXProject section */
		27E6B2A1159E36D000280BC7 /* Project object */ = {
			isa = PBXProject;
			attributes = {
				LastUpgradeCheck = 0430;
				ORGANIZATIONNAME = Kinvey;
			};
			buildConfigurationList = 27E6B2A4159E36D000280BC7 /* Build configuration list for PBXProject "StatusShare" */;
			compatibilityVersion = "Xcode 3.2";
			developmentRegion = English;
			hasScannedForEncodings = 0;
			knownRegions = (
				en,
			);
			mainGroup = 27E6B29F159E36D000280BC7;
			productRefGroup = 27E6B2AB159E36D000280BC7 /* Products */;
			projectDirPath = "";
			projectRoot = "";
			targets = (
				27E6B2A9159E36D000280BC7 /* StatusShare */,
			);
		};
/* End PBXProject section */

/* Begin PBXResourcesBuildPhase section */
		27E6B2A8159E36D000280BC7 /* Resources */ = {
			isa = PBXResourcesBuildPhase;
			buildActionMask = 2147483647;
			files = (
				27E6B332159E3CB900280BC7 /* MainStoryboard.storyboard in Resources */,
				27E6B34D159E3EC800280BC7 /* arrow.png in Resources */,
				27E6B350159E3EC800280BC7 /* lock.png in Resources */,
				27E6B352159E3EC800280BC7 /* unlock.png in Resources */,
				27E6B386159E40E500280BC7 /* InfoPlist.strings in Resources */,
				27E6B3A815A213C100280BC7 /* iTunesArtwork in Resources */,
				27E6B3B215A2141B00280BC7 /* Icon-72.png in Resources */,
				27E6B3B315A2141B00280BC7 /* Icon-72@2x.png in Resources */,
				27E6B3B415A2141B00280BC7 /* Icon.png in Resources */,
				27E6B3B515A2141B00280BC7 /* Icon@2x.png in Resources */,
				27E6B3B615A2141B00280BC7 /* ItunesArtwork.png in Resources */,
				27E6B3BB15A2172200280BC7 /* grid_blank.png in Resources */,
				27E6B3BC15A2172200280BC7 /* grid_blank@2x.png in Resources */,
				272EF17815E2B31E008E3F68 /* globe.png in Resources */,
				272EF17B15E2B39D008E3F68 /* globe_green.png in Resources */,
				2721B018160BA6080056A803 /* Default-568h@2x.png in Resources */,
				2721B019160BA6080056A803 /* Default.png in Resources */,
				2721B01A160BA6080056A803 /* Default@2x.png in Resources */,
			);
			runOnlyForDeploymentPostprocessing = 0;
		};
/* End PBXResourcesBuildPhase section */

/* Begin PBXSourcesBuildPhase section */
		27E6B2A6159E36D000280BC7 /* Sources */ = {
			isa = PBXSourcesBuildPhase;
			buildActionMask = 2147483647;
			files = (
				27E6B345159E3EAD00280BC7 /* AppDelegate.m in Sources */,
				27E6B351159E3EC800280BC7 /* main.m in Sources */,
				27E6B35B159E3EFD00280BC7 /* UIColor+KinveyHelpers.m in Sources */,
				27E6B35E159E3F0A00280BC7 /* KCSButton.m in Sources */,
				27E6B367159E3F6B00280BC7 /* CreateAccountViewController.m in Sources */,
				27E6B368159E3F6B00280BC7 /* FormViewController.m in Sources */,
				27E6B36B159E3F7A00280BC7 /* LoginViewContoller.m in Sources */,
				27E6B372159E407200280BC7 /* UpdateCell.m in Sources */,
				27E6B373159E407200280BC7 /* UpdatesViewController.m in Sources */,
				27E6B374159E407200280BC7 /* WriteUpdateViewController.m in Sources */,
				27E6B377159E408300280BC7 /* AuthorViewController.m in Sources */,
				27E6B37D159E409600280BC7 /* KinveyFriendsUpdate.m in Sources */,
				27E6B382159E40A600280BC7 /* GravatarStore.m in Sources */,
				27E6B383159E40A600280BC7 /* MD5Helpers.m in Sources */,
				274C3A89160B5C7B00494C42 /* MBProgressHUD.m in Sources */,
				274C3A8A160B5C7B00494C42 /* PullRefreshTableViewController.m in Sources */,
			);
			runOnlyForDeploymentPostprocessing = 0;
		};
/* End PBXSourcesBuildPhase section */

/* Begin PBXVariantGroup section */
		27E6B2D8159E36D000280BC7 /* InfoPlist.strings */ = {
			isa = PBXVariantGroup;
			children = (
				27E6B2D9159E36D000280BC7 /* en */,
			);
			name = InfoPlist.strings;
			sourceTree = "<group>";
		};
		27E6B32F159E3CB900280BC7 /* MainStoryboard.storyboard */ = {
			isa = PBXVariantGroup;
			children = (
				27E6B330159E3CB900280BC7 /* en */,
			);
			name = MainStoryboard.storyboard;
			path = en.lproj;
			sourceTree = "<group>";
		};
		27E6B384159E40E500280BC7 /* InfoPlist.strings */ = {
			isa = PBXVariantGroup;
			children = (
				27E6B385159E40E500280BC7 /* en */,
			);
			name = InfoPlist.strings;
			sourceTree = "<group>";
		};
/* End PBXVariantGroup section */

/* Begin XCBuildConfiguration section */
		27E6B2DE159E36D000280BC7 /* Debug */ = {
			isa = XCBuildConfiguration;
			buildSettings = {
				ALWAYS_SEARCH_USER_PATHS = NO;
				ARCHS = "$(ARCHS_STANDARD_32_BIT)";
				CLANG_ENABLE_OBJC_ARC = YES;
				"CODE_SIGN_IDENTITY[sdk=iphoneos*]" = "iPhone Developer: Michael Katz (5WT935WCFL)";
				COPY_PHASE_STRIP = NO;
				GCC_C_LANGUAGE_STANDARD = gnu99;
				GCC_DYNAMIC_NO_PIC = NO;
				GCC_OPTIMIZATION_LEVEL = 0;
				GCC_PREPROCESSOR_DEFINITIONS = (
					"DEBUG=1",
					"$(inherited)",
				);
				GCC_SYMBOLS_PRIVATE_EXTERN = NO;
				GCC_VERSION = com.apple.compilers.llvm.clang.1_0;
				GCC_WARN_ABOUT_RETURN_TYPE = YES;
				GCC_WARN_UNINITIALIZED_AUTOS = YES;
				GCC_WARN_UNUSED_VARIABLE = YES;
				IPHONEOS_DEPLOYMENT_TARGET = 5.1;
				OTHER_LDFLAGS = (
					"-ObjC",
					"-all_load",
				);
				"PROVISIONING_PROFILE[sdk=iphoneos*]" = "5D877198-948E-4AC9-8C17-677FF37DA02A";
				SDKROOT = iphoneos;
				TARGETED_DEVICE_FAMILY = "1,2";
			};
			name = Debug;
		};
		27E6B2DF159E36D000280BC7 /* Release */ = {
			isa = XCBuildConfiguration;
			buildSettings = {
				ALWAYS_SEARCH_USER_PATHS = NO;
				ARCHS = "$(ARCHS_STANDARD_32_BIT)";
				CLANG_ENABLE_OBJC_ARC = YES;
				"CODE_SIGN_IDENTITY[sdk=iphoneos*]" = "iPhone Developer";
				COPY_PHASE_STRIP = YES;
				GCC_C_LANGUAGE_STANDARD = gnu99;
				GCC_VERSION = com.apple.compilers.llvm.clang.1_0;
				GCC_WARN_ABOUT_RETURN_TYPE = YES;
				GCC_WARN_UNINITIALIZED_AUTOS = YES;
				GCC_WARN_UNUSED_VARIABLE = YES;
				IPHONEOS_DEPLOYMENT_TARGET = 5.1;
				OTHER_CFLAGS = "-DNS_BLOCK_ASSERTIONS=1";
				OTHER_LDFLAGS = (
					"-ObjC",
					"-all_load",
				);
				SDKROOT = iphoneos;
				TARGETED_DEVICE_FAMILY = "1,2";
				VALIDATE_PRODUCT = YES;
			};
			name = Release;
		};
		27E6B2E1159E36D000280BC7 /* Debug */ = {
			isa = XCBuildConfiguration;
			buildSettings = {
				FRAMEWORK_SEARCH_PATHS = (
					"$(inherited)",
					"\"$(SRCROOT)\"",
				);
				GCC_PRECOMPILE_PREFIX_HEADER = YES;
				GCC_PREFIX_HEADER = "StatusShare/StatusShare-Prefix.pch";
				INFOPLIST_FILE = "StatusShare/StatusShare-Info.plist";
				IPHONEOS_DEPLOYMENT_TARGET = 5.0;
				LIBRARY_SEARCH_PATHS = (
					"$(inherited)",
					"\"$(SRCROOT)\"",
					"\"$(SRCROOT)/StatusShare\"",
				);
				OTHER_LDFLAGS = (
					"-ObjC",
					"-all_load",
				);
				PRODUCT_NAME = StatusShare;
				TARGETED_DEVICE_FAMILY = 1;
				WRAPPER_EXTENSION = app;
			};
			name = Debug;
		};
		27E6B2E2159E36D000280BC7 /* Release */ = {
			isa = XCBuildConfiguration;
			buildSettings = {
				FRAMEWORK_SEARCH_PATHS = (
					"$(inherited)",
					"\"$(SRCROOT)\"",
				);
				GCC_PRECOMPILE_PREFIX_HEADER = YES;
				GCC_PREFIX_HEADER = "StatusShare/StatusShare-Prefix.pch";
				INFOPLIST_FILE = "StatusShare/StatusShare-Info.plist";
				IPHONEOS_DEPLOYMENT_TARGET = 5.0;
				LIBRARY_SEARCH_PATHS = (
					"$(inherited)",
					"\"$(SRCROOT)\"",
					"\"$(SRCROOT)/StatusShare\"",
				);
				OTHER_LDFLAGS = (
					"-ObjC",
					"-all_load",
				);
				PRODUCT_NAME = StatusShare;
				TARGETED_DEVICE_FAMILY = 1;
				WRAPPER_EXTENSION = app;
			};
			name = Release;
		};
/* End XCBuildConfiguration section */

/* Begin XCConfigurationList section */
		27E6B2A4159E36D000280BC7 /* Build configuration list for PBXProject "StatusShare" */ = {
			isa = XCConfigurationList;
			buildConfigurations = (
				27E6B2DE159E36D000280BC7 /* Debug */,
				27E6B2DF159E36D000280BC7 /* Release */,
			);
			defaultConfigurationIsVisible = 0;
			defaultConfigurationName = Release;
		};
		27E6B2E0159E36D000280BC7 /* Build configuration list for PBXNativeTarget "StatusShare" */ = {
			isa = XCConfigurationList;
			buildConfigurations = (
				27E6B2E1159E36D000280BC7 /* Debug */,
				27E6B2E2159E36D000280BC7 /* Release */,
			);
			defaultConfigurationIsVisible = 0;
			defaultConfigurationName = Release;
		};
/* End XCConfigurationList section */
	};
	rootObject = 27E6B2A1159E36D000280BC7 /* Project object */;
}
